
Microsoft Visual Studio Solution File, Format Version 12.00
# Visual Studio 2015
Project("{FAE04EC0-301F-11D3-BF4B-00C04F79EFBC}") = "UnityCity_2", "UnityCity_2.csproj", "{6E945D86-9899-4141-B00F-7C57034F11EC}"
EndProject
Global
	GlobalSection(SolutionConfigurationPlatforms) = preSolution
		Debug|Any CPU = Debug|Any CPU
		Release|Any CPU = Release|Any CPU
	EndGlobalSection
	GlobalSection(ProjectConfigurationPlatforms) = postSolution
		{6E945D86-9899-4141-B00F-7C57034F11EC}.Debug|Any CPU.ActiveCfg = Debug|Any CPU
		{6E945D86-9899-4141-B00F-7C57034F11EC}.Debug|Any CPU.Build.0 = Debug|Any CPU
		{6E945D86-9899-4141-B00F-7C57034F11EC}.Release|Any CPU.ActiveCfg = Release|Any CPU
		{6E945D86-9899-4141-B00F-7C57034F11EC}.Release|Any CPU.Build.0 = Release|Any CPU
	EndGlobalSection
	GlobalSection(SolutionProperties) = preSolution
		HideSolutionNode = FALSE
	EndGlobalSection
EndGlobal
